// !$*UTF8*$!
{
	archiveVersion = 1;
	classes = {
	};
	objectVersion = 50;
	objects = {

/* Begin PBXBuildFile section */
		AA30CEF82271F2CC00B36200 /* AppDelegate.swift in Sources */ = {isa = PBXBuildFile; fileRef = AA30CEF72271F2CC00B36200 /* AppDelegate.swift */; };
		AA30CEFA2271F2CC00B36200 /* ViewController.swift in Sources */ = {isa = PBXBuildFile; fileRef = AA30CEF92271F2CC00B36200 /* ViewController.swift */; };
		AA30CEFD2271F2CC00B36200 /* Main.storyboard in Resources */ = {isa = PBXBuildFile; fileRef = AA30CEFB2271F2CC00B36200 /* Main.storyboard */; };
		AA30CF002271F2CC00B36200 /* ReactiveBeacons.xcdatamodeld in Sources */ = {isa = PBXBuildFile; fileRef = AA30CEFE2271F2CC00B36200 /* ReactiveBeacons.xcdatamodeld */; };
		AA30CF022271F2CD00B36200 /* Assets.xcassets in Resources */ = {isa = PBXBuildFile; fileRef = AA30CF012271F2CD00B36200 /* Assets.xcassets */; };
		AA30CF052271F2CD00B36200 /* LaunchScreen.storyboard in Resources */ = {isa = PBXBuildFile; fileRef = AA30CF032271F2CD00B36200 /* LaunchScreen.storyboard */; };
		AA30CF0D2271F2EC00B36200 /* BeaconManager.swift in Sources */ = {isa = PBXBuildFile; fileRef = AA30CF0C2271F2EC00B36200 /* BeaconManager.swift */; };
		AAA1D931227B21ED00480C49 /* Beacon.swift in Sources */ = {isa = PBXBuildFile; fileRef = AAA1D930227B21ED00480C49 /* Beacon.swift */; };
		B3B97EDBB4CA43C82B20951E /* Pods_ReactiveBeacons.framework in Frameworks */ = {isa = PBXBuildFile; fileRef = 40748A2CDF40AE639720749A /* Pods_ReactiveBeacons.framework */; };
/* End PBXBuildFile section */

/* Begin PBXFileReference section */
		40748A2CDF40AE639720749A /* Pods_ReactiveBeacons.framework */ = {isa = PBXFileReference; explicitFileType = wrapper.framework; includeInIndex = 0; path = Pods_ReactiveBeacons.framework; sourceTree = BUILT_PRODUCTS_DIR; };
		AA30CEF42271F2CC00B36200 /* ReactiveBeacons.app */ = {isa = PBXFileReference; explicitFileType = wrapper.application; includeInIndex = 0; path = ReactiveBeacons.app; sourceTree = BUILT_PRODUCTS_DIR; };
		AA30CEF72271F2CC00B36200 /* AppDelegate.swift */ = {isa = PBXFileReference; lastKnownFileType = sourcecode.swift; path = AppDelegate.swift; sourceTree = "<group>"; };
		AA30CEF92271F2CC00B36200 /* ViewController.swift */ = {isa = PBXFileReference; lastKnownFileType = sourcecode.swift; path = ViewController.swift; sourceTree = "<group>"; };
		AA30CEFC2271F2CC00B36200 /* Base */ = {isa = PBXFileReference; lastKnownFileType = file.storyboard; name = Base; path = Base.lproj/Main.storyboard; sourceTree = "<group>"; };
		AA30CEFF2271F2CC00B36200 /* ReactiveBeacons.xcdatamodel */ = {isa = PBXFileReference; lastKnownFileType = wrapper.xcdatamodel; path = ReactiveBeacons.xcdatamodel; sourceTree = "<group>"; };
		AA30CF012271F2CD00B36200 /* Assets.xcassets */ = {isa = PBXFileReference; lastKnownFileType = folder.assetcatalog; path = Assets.xcassets; sourceTree = "<group>"; };
		AA30CF042271F2CD00B36200 /* Base */ = {isa = PBXFileReference; lastKnownFileType = file.storyboard; name = Base; path = Base.lproj/LaunchScreen.storyboard; sourceTree = "<group>"; };
		AA30CF062271F2CD00B36200 /* Info.plist */ = {isa = PBXFileReference; lastKnownFileType = text.plist.xml; path = Info.plist; sourceTree = "<group>"; };
		AA30CF0C2271F2EC00B36200 /* BeaconManager.swift */ = {isa = PBXFileReference; lastKnownFileType = sourcecode.swift; path = BeaconManager.swift; sourceTree = "<group>"; };
		AAA1D930227B21ED00480C49 /* Beacon.swift */ = {isa = PBXFileReference; lastKnownFileType = sourcecode.swift; path = Beacon.swift; sourceTree = "<group>"; };
		BAD8552DB56B85624BD0B0EB /* Pods-ReactiveBeacons.release.xcconfig */ = {isa = PBXFileReference; includeInIndex = 1; lastKnownFileType = text.xcconfig; name = "Pods-ReactiveBeacons.release.xcconfig"; path = "Pods/Target Support Files/Pods-ReactiveBeacons/Pods-ReactiveBeacons.release.xcconfig"; sourceTree = "<group>"; };
		CF0EACA1870FFEDC8AD45C64 /* Pods-ReactiveBeacons.debug.xcconfig */ = {isa = PBXFileReference; includeInIndex = 1; lastKnownFileType = text.xcconfig; name = "Pods-ReactiveBeacons.debug.xcconfig"; path = "Pods/Target Support Files/Pods-ReactiveBeacons/Pods-ReactiveBeacons.debug.xcconfig"; sourceTree = "<group>"; };
/* End PBXFileReference section */

/* Begin PBXFrameworksBuildPhase section */
		AA30CEF12271F2CC00B36200 /* Frameworks */ = {
			isa = PBXFrameworksBuildPhase;
			buildActionMask = 2147483647;
			files = (
				B3B97EDBB4CA43C82B20951E /* Pods_ReactiveBeacons.framework in Frameworks */,
			);
			runOnlyForDeploymentPostprocessing = 0;
		};
/* End PBXFrameworksBuildPhase section */

/* Begin PBXGroup section */
		991CA1B28F2DC812EF197FA1 /* Pods */ = {
			isa = PBXGroup;
			children = (
				CF0EACA1870FFEDC8AD45C64 /* Pods-ReactiveBeacons.debug.xcconfig */,
				BAD8552DB56B85624BD0B0EB /* Pods-ReactiveBeacons.release.xcconfig */,
			);
			name = Pods;
			sourceTree = "<group>";
		};
		9BD03622A0066AE1C8B6C724 /* Frameworks */ = {
			isa = PBXGroup;
			children = (
				40748A2CDF40AE639720749A /* Pods_ReactiveBeacons.framework */,
			);
			name = Frameworks;
			sourceTree = "<group>";
		};
		AA30CEEB2271F2CC00B36200 = {
			isa = PBXGroup;
			children = (
				AA30CEF62271F2CC00B36200 /* ReactiveBeacons */,
				AA30CEF52271F2CC00B36200 /* Products */,
				991CA1B28F2DC812EF197FA1 /* Pods */,
				9BD03622A0066AE1C8B6C724 /* Frameworks */,
			);
			sourceTree = "<group>";
		};
		AA30CEF52271F2CC00B36200 /* Products */ = {
			isa = PBXGroup;
			children = (
				AA30CEF42271F2CC00B36200 /* ReactiveBeacons.app */,
			);
			name = Products;
			sourceTree = "<group>";
		};
		AA30CEF62271F2CC00B36200 /* ReactiveBeacons */ = {
			isa = PBXGroup;
			children = (
				AA30CEF72271F2CC00B36200 /* AppDelegate.swift */,
				AA30CEF92271F2CC00B36200 /* ViewController.swift */,
				AA30CF0C2271F2EC00B36200 /* BeaconManager.swift */,
				AAA1D930227B21ED00480C49 /* Beacon.swift */,
				AA30CEFB2271F2CC00B36200 /* Main.storyboard */,
				AA30CF012271F2CD00B36200 /* Assets.xcassets */,
				AA30CF032271F2CD00B36200 /* LaunchScreen.storyboard */,
				AA30CF062271F2CD00B36200 /* Info.plist */,
				AA30CEFE2271F2CC00B36200 /* ReactiveBeacons.xcdatamodeld */,
			);
			path = ReactiveBeacons;
			sourceTree = "<group>";
		};
/* End PBXGroup section */

/* Begin PBXNativeTarget section */
		AA30CEF32271F2CC00B36200 /* ReactiveBeacons */ = {
			isa = PBXNativeTarget;
			buildConfigurationList = AA30CF092271F2CD00B36200 /* Build configuration list for PBXNativeTarget "ReactiveBeacons" */;
			buildPhases = (
				3A590686755AB7FB6CB295A3 /* [CP] Check Pods Manifest.lock */,
				AA30CEF02271F2CC00B36200 /* Sources */,
				AA30CEF12271F2CC00B36200 /* Frameworks */,
				AA30CEF22271F2CC00B36200 /* Resources */,
				F401C00D20FCE31EB19463A8 /* [CP] Embed Pods Frameworks */,
			);
			buildRules = (
			);
			dependencies = (
			);
			name = ReactiveBeacons;
			productName = ReactiveBeacons;
			productReference = AA30CEF42271F2CC00B36200 /* ReactiveBeacons.app */;
			productType = "com.apple.product-type.application";
		};
/* End PBXNativeTarget section */

/* Begin PBXProject section */
		AA30CEEC2271F2CC00B36200 /* Project object */ = {
			isa = PBXProject;
			attributes = {
				LastSwiftUpdateCheck = 1020;
				LastUpgradeCheck = 1020;
				ORGANIZATIONNAME = "Steve Rustom";
				TargetAttributes = {
					AA30CEF32271F2CC00B36200 = {
						CreatedOnToolsVersion = 10.2.1;
					};
				};
			};
			buildConfigurationList = AA30CEEF2271F2CC00B36200 /* Build configuration list for PBXProject "ReactiveBeacons" */;
			compatibilityVersion = "Xcode 9.3";
			developmentRegion = en;
			hasScannedForEncodings = 0;
			knownRegions = (
				en,
				Base,
			);
			mainGroup = AA30CEEB2271F2CC00B36200;
			productRefGroup = AA30CEF52271F2CC00B36200 /* Products */;
			projectDirPath = "";
			projectRoot = "";
			targets = (
				AA30CEF32271F2CC00B36200 /* ReactiveBeacons */,
			);
		};
/* End PBXProject section */

/* Begin PBXResourcesBuildPhase section */
		AA30CEF22271F2CC00B36200 /* Resources */ = {
			isa = PBXResourcesBuildPhase;
			buildActionMask = 2147483647;
			files = (
				AA30CF052271F2CD00B36200 /* LaunchScreen.storyboard in Resources */,
				AA30CF022271F2CD00B36200 /* Assets.xcassets in Resources */,
				AA30CEFD2271F2CC00B36200 /* Main.storyboard in Resources */,
			);
			runOnlyForDeploymentPostprocessing = 0;
		};
/* End PBXResourcesBuildPhase section */

/* Begin PBXShellScriptBuildPhase section */
		3A590686755AB7FB6CB295A3 /* [CP] Check Pods Manifest.lock */ = {
			isa = PBXShellScriptBuildPhase;
			buildActionMask = 2147483647;
			files = (
			);
			inputFileListPaths = (
			);
			inputPaths = (
				"${PODS_PODFILE_DIR_PATH}/Podfile.lock",
				"${PODS_ROOT}/Manifest.lock",
			);
			name = "[CP] Check Pods Manifest.lock";
			outputFileListPaths = (
			);
			outputPaths = (
				"$(DERIVED_FILE_DIR)/Pods-ReactiveBeacons-checkManifestLockResult.txt",
			);
			runOnlyForDeploymentPostprocessing = 0;
			shellPath = /bin/sh;
			shellScript = "diff \"${PODS_PODFILE_DIR_PATH}/Podfile.lock\" \"${PODS_ROOT}/Manifest.lock\" > /dev/null\nif [ $? != 0 ] ; then\n    # print error to STDERR\n    echo \"error: The sandbox is not in sync with the Podfile.lock. Run 'pod install' or update your CocoaPods installation.\" >&2\n    exit 1\nfi\n# This output is used by Xcode 'outputs' to avoid re-running this script phase.\necho \"SUCCESS\" > \"${SCRIPT_OUTPUT_FILE_0}\"\n";
			showEnvVarsInLog = 0;
		};
		F401C00D20FCE31EB19463A8 /* [CP] Embed Pods Frameworks */ = {
			isa = PBXShellScriptBuildPhase;
			buildActionMask = 2147483647;
			files = (
			);
			inputFileListPaths = (
			);
			inputPaths = (
				"${SRCROOT}/Pods/Target Support Files/Pods-ReactiveBeacons/Pods-ReactiveBeacons-frameworks.sh",
				"${BUILT_PRODUCTS_DIR}/ReactiveCocoa/ReactiveCocoa.framework",
				"${BUILT_PRODUCTS_DIR}/ReactiveSwift/ReactiveSwift.framework",
				"${BUILT_PRODUCTS_DIR}/Result/Result.framework",
			);
			name = "[CP] Embed Pods Frameworks";
			outputFileListPaths = (
			);
			outputPaths = (
				"${TARGET_BUILD_DIR}/${FRAMEWORKS_FOLDER_PATH}/ReactiveCocoa.framework",
				"${TARGET_BUILD_DIR}/${FRAMEWORKS_FOLDER_PATH}/ReactiveSwift.framework",
				"${TARGET_BUILD_DIR}/${FRAMEWORKS_FOLDER_PATH}/Result.framework",
			);
			runOnlyForDeploymentPostprocessing = 0;
			shellPath = /bin/sh;
			shellScript = "\"${SRCROOT}/Pods/Target Support Files/Pods-ReactiveBeacons/Pods-ReactiveBeacons-frameworks.sh\"\n";
			showEnvVarsInLog = 0;
		};
/* End PBXShellScriptBuildPhase section */

/* Begin PBXSourcesBuildPhase section */
		AA30CEF02271F2CC00B36200 /* Sources */ = {
			isa = PBXSourcesBuildPhase;
			buildActionMask = 2147483647;
			files = (
				AA30CF002271F2CC00B36200 /* ReactiveBeacons.xcdatamodeld in Sources */,
				AA30CF0D2271F2EC00B36200 /* BeaconManager.swift in Sources */,
				AAA1D931227B21ED00480C49 /* Beacon.swift in Sources */,
				AA30CEFA2271F2CC00B36200 /* ViewController.swift in Sources */,
				AA30CEF82271F2CC00B36200 /* AppDelegate.swift in Sources */,
			);
			runOnlyForDeploymentPostprocessing = 0;
		};
/* End PBXSourcesBuildPhase section */

/* Begin PBXVariantGroup section */
		AA30CEFB2271F2CC00B36200 /* Main.storyboard */ = {
			isa = PBXVariantGroup;
			children = (
				AA30CEFC2271F2CC00B36200 /* Base */,
			);
			name = Main.storyboard;
			sourceTree = "<group>";
		};
		AA30CF032271F2CD00B36200 /* LaunchScreen.storyboard */ = {
			isa = PBXVariantGroup;
			children = (
				AA30CF042271F2CD00B36200 /* Base */,
			);
			name = LaunchScreen.storyboard;
			sourceTree = "<group>";
		};
/* End PBXVariantGroup section */

/* Begin XCBuildConfiguration section */
		AA30CF072271F2CD00B36200 /* Debug */ = {
			isa = XCBuildConfiguration;
			buildSettings = {
				ALWAYS_SEARCH_USER_PATHS = NO;
				CLANG_ANALYZER_NONNULL = YES;
				CLANG_ANALYZER_NUMBER_OBJECT_CONVERSION = YES_AGGRESSIVE;
				CLANG_CXX_LANGUAGE_STANDARD = "gnu++14";
				CLANG_CXX_LIBRARY = "libc++";
				CLANG_ENABLE_MODULES = YES;
				CLANG_ENABLE_OBJC_ARC = YES;
				CLANG_ENABLE_OBJC_WEAK = YES;
				CLANG_WARN_BLOCK_CAPTURE_AUTORELEASING = YES;
				CLANG_WARN_BOOL_CONVERSION = YES;
				CLANG_WARN_COMMA = YES;
				CLANG_WARN_CONSTANT_CONVERSION = YES;
				CLANG_WARN_DEPRECATED_OBJC_IMPLEMENTATIONS = YES;
				CLANG_WARN_DIRECT_OBJC_ISA_USAGE = YES_ERROR;
				CLANG_WARN_DOCUMENTATION_COMMENTS = YES;
				CLANG_WARN_EMPTY_BODY = YES;
				CLANG_WARN_ENUM_CONVERSION = YES;
				CLANG_WARN_INFINITE_RECURSION = YES;
				CLANG_WARN_INT_CONVERSION = YES;
				CLANG_WARN_NON_LITERAL_NULL_CONVERSION = YES;
				CLANG_WARN_OBJC_IMPLICIT_RETAIN_SELF = YES;
				CLANG_WARN_OBJC_LITERAL_CONVERSION = YES;
				CLANG_WARN_OBJC_ROOT_CLASS = YES_ERROR;
				CLANG_WARN_RANGE_LOOP_ANALYSIS = YES;
				CLANG_WARN_STRICT_PROTOTYPES = YES;
				CLANG_WARN_SUSPICIOUS_MOVE = YES;
				CLANG_WARN_UNGUARDED_AVAILABILITY = YES_AGGRESSIVE;
				CLANG_WARN_UNREACHABLE_CODE = YES;
				CLANG_WARN__DUPLICATE_METHOD_MATCH = YES;
				CODE_SIGN_IDENTITY = "iPhone Developer";
				COPY_PHASE_STRIP = NO;
				DEBUG_INFORMATION_FORMAT = dwarf;
				ENABLE_STRICT_OBJC_MSGSEND = YES;
				ENABLE_TESTABILITY = YES;
				GCC_C_LANGUAGE_STANDARD = gnu11;
				GCC_DYNAMIC_NO_PIC = NO;
				GCC_NO_COMMON_BLOCKS = YES;
				GCC_OPTIMIZATION_LEVEL = 0;
				GCC_PREPROCESSOR_DEFINITIONS = (
					"DEBUG=1",
					"$(inherited)",
				);
				GCC_WARN_64_TO_32_BIT_CONVERSION = YES;
				GCC_WARN_ABOUT_RETURN_TYPE = YES_ERROR;
				GCC_WARN_UNDECLARED_SELECTOR = YES;
				GCC_WARN_UNINITIALIZED_AUTOS = YES_AGGRESSIVE;
				GCC_WARN_UNUSED_FUNCTION = YES;
				GCC_WARN_UNUSED_VARIABLE = YES;
				IPHONEOS_DEPLOYMENT_TARGET = 12.2;
				MTL_ENABLE_DEBUG_INFO = INCLUDE_SOURCE;
				MTL_FAST_MATH = YES;
				ONLY_ACTIVE_ARCH = YES;
				SDKROOT = iphoneos;
				SWIFT_ACTIVE_COMPILATION_CONDITIONS = DEBUG;
				SWIFT_OPTIMIZATION_LEVEL = "-Onone";
			};
			name = Debug;
		};
		AA30CF082271F2CD00B36200 /* Release */ = {
			isa = XCBuildConfiguration;
			buildSettings = {
				ALWAYS_SEARCH_USER_PATHS = NO;
				CLANG_ANALYZER_NONNULL = YES;
				CLANG_ANALYZER_NUMBER_OBJECT_CONVERSION = YES_AGGRESSIVE;
				CLANG_CXX_LANGUAGE_STANDARD = "gnu++14";
				CLANG_CXX_LIBRARY = "libc++";
				CLANG_ENABLE_MODULES = YES;
				CLANG_ENABLE_OBJC_ARC = YES;
				CLANG_ENABLE_OBJC_WEAK = YES;
				CLANG_WARN_BLOCK_CAPTURE_AUTORELEASING = YES;
				CLANG_WARN_BOOL_CONVERSION = YES;
				CLANG_WARN_COMMA = YES;
				CLANG_WARN_CONSTANT_CONVERSION = YES;
				CLANG_WARN_DEPRECATED_OBJC_IMPLEMENTATIONS = YES;
				CLANG_WARN_DIRECT_OBJC_ISA_USAGE = YES_ERROR;
				CLANG_WARN_DOCUMENTATION_COMMENTS = YES;
				CLANG_WARN_EMPTY_BODY = YES;
				CLANG_WARN_ENUM_CONVERSION = YES;
				CLANG_WARN_INFINITE_RECURSION = YES;
				CLANG_WARN_INT_CONVERSION = YES;
				CLANG_WARN_NON_LITERAL_NULL_CONVERSION = YES;
				CLANG_WARN_OBJC_IMPLICIT_RETAIN_SELF = YES;
				CLANG_WARN_OBJC_LITERAL_CONVERSION = YES;
				CLANG_WARN_OBJC_ROOT_CLASS = YES_ERROR;
				CLANG_WARN_RANGE_LOOP_ANALYSIS = YES;
				CLANG_WARN_STRICT_PROTOTYPES = YES;
				CLANG_WARN_SUSPICIOUS_MOVE = YES;
				CLANG_WARN_UNGUARDED_AVAILABILITY = YES_AGGRESSIVE;
				CLANG_WARN_UNREACHABLE_CODE = YES;
				CLANG_WARN__DUPLICATE_METHOD_MATCH = YES;
				CODE_SIGN_IDENTITY = "iPhone Developer";
				COPY_PHASE_STRIP = NO;
				DEBUG_INFORMATION_FORMAT = "dwarf-with-dsym";
				ENABLE_NS_ASSERTIONS = NO;
				ENABLE_STRICT_OBJC_MSGSEND = YES;
				GCC_C_LANGUAGE_STANDARD = gnu11;
				GCC_NO_COMMON_BLOCKS = YES;
				GCC_WARN_64_TO_32_BIT_CONVERSION = YES;
				GCC_WARN_ABOUT_RETURN_TYPE = YES_ERROR;
				GCC_WARN_UNDECLARED_SELECTOR = YES;
				GCC_WARN_UNINITIALIZED_AUTOS = YES_AGGRESSIVE;
				GCC_WARN_UNUSED_FUNCTION = YES;
				GCC_WARN_UNUSED_VARIABLE = YES;
				IPHONEOS_DEPLOYMENT_TARGET = 12.2;
				MTL_ENABLE_DEBUG_INFO = NO;
				MTL_FAST_MATH = YES;
				SDKROOT = iphoneos;
				SWIFT_COMPILATION_MODE = wholemodule;
				SWIFT_OPTIMIZATION_LEVEL = "-O";
				VALIDATE_PRODUCT = YES;
			};
			name = Release;
		};
		AA30CF0A2271F2CD00B36200 /* Debug */ = {
			isa = XCBuildConfiguration;
			baseConfigurationReference = CF0EACA1870FFEDC8AD45C64 /* Pods-ReactiveBeacons.debug.xcconfig */;
			buildSettings = {
				ASSETCATALOG_COMPILER_APPICON_NAME = AppIcon;
				CODE_SIGN_STYLE = Automatic;
				DEVELOPMENT_TEAM = VB7392NN4K;
				INFOPLIST_FILE = ReactiveBeacons/Info.plist;
				LD_RUNPATH_SEARCH_PATHS = (
					"$(inherited)",
					"@executable_path/Frameworks",
				);
				PRODUCT_BUNDLE_IDENTIFIER = com.steverustom.ReactiveBeacons;
				PRODUCT_NAME = "$(TARGET_NAME)";
				SWIFT_VERSION = 5.0;
				TARGETED_DEVICE_FAMILY = "1,2";
			};
			name = Debug;
		};
		AA30CF0B2271F2CD00B36200 /* Release */ = {
			isa = XCBuildConfiguration;
			baseConfigurationReference = BAD8552DB56B85624BD0B0EB /* Pods-ReactiveBeacons.release.xcconfig */;
			buildSettings = {
				ASSETCATALOG_COMPILER_APPICON_NAME = AppIcon;
				CODE_SIGN_STYLE = Automatic;
				DEVELOPMENT_TEAM = VB7392NN4K;
				INFOPLIST_FILE = ReactiveBeacons/Info.plist;
				LD_RUNPATH_SEARCH_PATHS = (
					"$(inherited)",
					"@executable_path/Frameworks",
				);
				PRODUCT_BUNDLE_IDENTIFIER = com.steverustom.ReactiveBeacons;
				PRODUCT_NAME = "$(TARGET_NAME)";
				SWIFT_VERSION = 5.0;
				TARGETED_DEVICE_FAMILY = "1,2";
			};
			name = Release;
		};
/* End XCBuildConfiguration section */

/* Begin XCConfigurationList section */
		AA30CEEF2271F2CC00B36200 /* Build configuration list for PBXProject "ReactiveBeacons" */ = {
			isa = XCConfigurationList;
			buildConfigurations = (
				AA30CF072271F2CD00B36200 /* Debug */,
				AA30CF082271F2CD00B36200 /* Release */,
			);
			defaultConfigurationIsVisible = 0;
			defaultConfigurationName = Release;
		};
		AA30CF092271F2CD00B36200 /* Build configuration list for PBXNativeTarget "ReactiveBeacons" */ = {
			isa = XCConfigurationList;
			buildConfigurations = (
				AA30CF0A2271F2CD00B36200 /* Debug */,
				AA30CF0B2271F2CD00B36200 /* Release */,
			);
			defaultConfigurationIsVisible = 0;
			defaultConfigurationName = Release;
		};
/* End XCConfigurationList section */

/* Begin XCVersionGroup section */
		AA30CEFE2271F2CC00B36200 /* ReactiveBeacons.xcdatamodeld */ = {
			isa = XCVersionGroup;
			children = (
				AA30CEFF2271F2CC00B36200 /* ReactiveBeacons.xcdatamodel */,
			);
			currentVersion = AA30CEFF2271F2CC00B36200 /* ReactiveBeacons.xcdatamodel */;
			path = ReactiveBeacons.xcdatamodeld;
			sourceTree = "<group>";
			versionGroupType = wrapper.xcdatamodel;
		};
/* End XCVersionGroup section */
	};
	rootObject = AA30CEEC2271F2CC00B36200 /* Project object */;
}
